
Microsoft Visual Studio Solution File, Format Version 12.00
# Visual Studio Version 17
VisualStudioVersion = 17.7.34031.279
MinimumVisualStudioVersion = 10.0.40219.1
Project("{FAE04EC0-301F-11D3-BF4B-00C04F79EFBC}") = "ObscuritasMediaManager.ClientInterop", "ObscuritasMediaManager.ClientInterop.csproj", "{8DF52702-0015-4EC6-A1AE-28DA776244F8}"
EndProject
Project("{9A19103F-16F7-4668-BE54-9A1E7A4F7556}") = "ObscuritasMediaManager.Backend", "..\ObscuritasMediaManager.Backend\ObscuritasMediaManager.Backend\ObscuritasMediaManager.Backend.csproj", "{0F310428-22B0-464C-8EC4-254E37C84E13}"
EndProject
Global
	GlobalSection(SolutionConfigurationPlatforms) = preSolution
		Debug|Any CPU = Debug|Any CPU
		Debug|x64 = Debug|x64
		Release|Any CPU = Release|Any CPU
		Release|x64 = Release|x64
	EndGlobalSection
	GlobalSection(ProjectConfigurationPlatforms) = postSolution
		{8DF52702-0015-4EC6-A1AE-28DA776244F8}.Debug|Any CPU.ActiveCfg = Debug|Any CPU
		{8DF52702-0015-4EC6-A1AE-28DA776244F8}.Debug|Any CPU.Build.0 = Debug|Any CPU
		{8DF52702-0015-4EC6-A1AE-28DA776244F8}.Debug|x64.ActiveCfg = Debug|Any CPU
		{8DF52702-0015-4EC6-A1AE-28DA776244F8}.Debug|x64.Build.0 = Debug|Any CPU
		{8DF52702-0015-4EC6-A1AE-28DA776244F8}.Release|Any CPU.ActiveCfg = Release|Any CPU
		{8DF52702-0015-4EC6-A1AE-28DA776244F8}.Release|Any CPU.Build.0 = Release|Any CPU
		{8DF52702-0015-4EC6-A1AE-28DA776244F8}.Release|x64.ActiveCfg = Release|Any CPU
		{8DF52702-0015-4EC6-A1AE-28DA776244F8}.Release|x64.Build.0 = Release|Any CPU
		{0F310428-22B0-464C-8EC4-254E37C84E13}.Debug|Any CPU.ActiveCfg = Debug|x64
		{0F310428-22B0-464C-8EC4-254E37C84E13}.Debug|Any CPU.Build.0 = Debug|x64
		{0F310428-22B0-464C-8EC4-254E37C84E13}.Debug|x64.ActiveCfg = Debug|x64
		{0F310428-22B0-464C-8EC4-254E37C84E13}.Debug|x64.Build.0 = Debug|x64
		{0F310428-22B0-464C-8EC4-254E37C84E13}.Release|Any CPU.ActiveCfg = Release|x64
		{0F310428-22B0-464C-8EC4-254E37C84E13}.Release|Any CPU.Build.0 = Release|x64
		{0F310428-22B0-464C-8EC4-254E37C84E13}.Release|x64.ActiveCfg = Release|x64
		{0F310428-22B0-464C-8EC4-254E37C84E13}.Release|x64.Build.0 = Release|x64
	EndGlobalSection
	GlobalSection(SolutionProperties) = preSolution
		HideSolutionNode = FALSE
	EndGlobalSection
	GlobalSection(ExtensibilityGlobals) = postSolution
		SolutionGuid = {B9ACEF05-AA92-431B-9C46-82B208E77C4F}
	EndGlobalSection
EndGlobal
