
Microsoft Visual Studio Solution File, Format Version 12.00
# Visual Studio Version 17
VisualStudioVersion = 17.8.34525.116
MinimumVisualStudioVersion = 10.0.40219.1
Project("{9A19103F-16F7-4668-BE54-9A1E7A4F7556}") = "ObscuritasMediaManager.Backend", "Backend\ObscuritasMediaManager.Backend.csproj", "{551BFFB2-04BA-41CB-B98D-E45E1BE9AED5}"
EndProject
Project("{9A19103F-16F7-4668-BE54-9A1E7A4F7556}") = "ObscuritasMediaManager.ClientInterop", "ClientInterop\ObscuritasMediaManager.ClientInterop.csproj", "{184ED03A-7C79-460C-A15C-717BDFC57BB6}"
EndProject
Project("{2150E333-8FDC-42A3-9474-1A3956D46DE8}") = "Projektmappenelemente", "Projektmappenelemente", "{9B88570B-9921-4D6C-9DDB-B4163B8DAB0C}"
	ProjectSection(SolutionItems) = preProject
		.editorconfig = .editorconfig
	EndProjectSection
EndProject
Global
	GlobalSection(SolutionConfigurationPlatforms) = preSolution
		Debug|Any CPU = Debug|Any CPU
		Debug|x64 = Debug|x64
		Release|Any CPU = Release|Any CPU
		Release|x64 = Release|x64
	EndGlobalSection
	GlobalSection(ProjectConfigurationPlatforms) = postSolution
		{551BFFB2-04BA-41CB-B98D-E45E1BE9AED5}.Debug|Any CPU.ActiveCfg = Debug|x64
		{551BFFB2-04BA-41CB-B98D-E45E1BE9AED5}.Debug|Any CPU.Build.0 = Debug|x64
		{551BFFB2-04BA-41CB-B98D-E45E1BE9AED5}.Debug|x64.ActiveCfg = Debug|x64
		{551BFFB2-04BA-41CB-B98D-E45E1BE9AED5}.Debug|x64.Build.0 = Debug|x64
		{551BFFB2-04BA-41CB-B98D-E45E1BE9AED5}.Release|Any CPU.ActiveCfg = Release|x64
		{551BFFB2-04BA-41CB-B98D-E45E1BE9AED5}.Release|Any CPU.Build.0 = Release|x64
		{551BFFB2-04BA-41CB-B98D-E45E1BE9AED5}.Release|x64.ActiveCfg = Release|x64
		{551BFFB2-04BA-41CB-B98D-E45E1BE9AED5}.Release|x64.Build.0 = Release|x64
		{184ED03A-7C79-460C-A15C-717BDFC57BB6}.Debug|Any CPU.ActiveCfg = Debug|Any CPU
		{184ED03A-7C79-460C-A15C-717BDFC57BB6}.Debug|Any CPU.Build.0 = Debug|Any CPU
		{184ED03A-7C79-460C-A15C-717BDFC57BB6}.Debug|x64.ActiveCfg = Debug|Any CPU
		{184ED03A-7C79-460C-A15C-717BDFC57BB6}.Debug|x64.Build.0 = Debug|Any CPU
		{184ED03A-7C79-460C-A15C-717BDFC57BB6}.Release|Any CPU.ActiveCfg = Release|Any CPU
		{184ED03A-7C79-460C-A15C-717BDFC57BB6}.Release|Any CPU.Build.0 = Release|Any CPU
		{184ED03A-7C79-460C-A15C-717BDFC57BB6}.Release|x64.ActiveCfg = Release|Any CPU
		{184ED03A-7C79-460C-A15C-717BDFC57BB6}.Release|x64.Build.0 = Release|Any CPU
	EndGlobalSection
	GlobalSection(SolutionProperties) = preSolution
		HideSolutionNode = FALSE
	EndGlobalSection
	GlobalSection(ExtensibilityGlobals) = postSolution
		SolutionGuid = {EB0F6698-2C09-4F47-857D-69DE2B3D9537}
	EndGlobalSection
EndGlobal
