
Microsoft Visual Studio Solution File, Format Version 12.00
# Visual Studio Version 17
VisualStudioVersion = 17.8.34525.116
MinimumVisualStudioVersion = 10.0.40219.1
Project("{9A19103F-16F7-4668-BE54-9A1E7A4F7556}") = "ObscuritasMediaManager.Backend", "ObscuritasMediaManager.Backend.csproj", "{63EF092C-36CB-4875-A7ED-5717FB9CBC11}"
EndProject
Global
	GlobalSection(SolutionConfigurationPlatforms) = preSolution
		Debug|Any CPU = Debug|Any CPU
		Debug|x64 = Debug|x64
		Release|Any CPU = Release|Any CPU
		Release|x64 = Release|x64
	EndGlobalSection
	GlobalSection(ProjectConfigurationPlatforms) = postSolution
		{63EF092C-36CB-4875-A7ED-5717FB9CBC11}.Debug|Any CPU.ActiveCfg = Debug|x64
		{63EF092C-36CB-4875-A7ED-5717FB9CBC11}.Debug|Any CPU.Build.0 = Debug|x64
		{63EF092C-36CB-4875-A7ED-5717FB9CBC11}.Debug|x64.ActiveCfg = Debug|x64
		{63EF092C-36CB-4875-A7ED-5717FB9CBC11}.Debug|x64.Build.0 = Debug|x64
		{63EF092C-36CB-4875-A7ED-5717FB9CBC11}.Release|Any CPU.ActiveCfg = Release|x64
		{63EF092C-36CB-4875-A7ED-5717FB9CBC11}.Release|Any CPU.Build.0 = Release|x64
		{63EF092C-36CB-4875-A7ED-5717FB9CBC11}.Release|x64.ActiveCfg = Release|x64
		{63EF092C-36CB-4875-A7ED-5717FB9CBC11}.Release|x64.Build.0 = Release|x64
	EndGlobalSection
	GlobalSection(SolutionProperties) = preSolution
		HideSolutionNode = FALSE
	EndGlobalSection
	GlobalSection(ExtensibilityGlobals) = postSolution
		SolutionGuid = {C2DED6D7-373A-40A2-A21C-B93CF376B109}
	EndGlobalSection
EndGlobal
